
Microsoft Visual Studio Solution File, Format Version 12.00
# Visual Studio Version 16
VisualStudioVersion = 25.0.1703.0
MinimumVisualStudioVersion = 10.0.40219.1
Project("{FAE04EC0-301F-11D3-BF4B-00C04F79EFBC}") = "CinnamonCinemas", "CinnamonCinemas\CinnamonCinemas.csproj", "{1E438330-43C4-4B75-B9F6-F362867ECC3C}"
EndProject
Project("{FAE04EC0-301F-11D3-BF4B-00C04F79EFBC}") = "CinnamonCinemasTest", "CinnamonCinemasTest\CinnamonCinemasTest.csproj", "{AF8B9D90-58BC-4235-AAC0-E270D9089E25}"
EndProject
Global
	GlobalSection(SolutionConfigurationPlatforms) = preSolution
		Debug|Any CPU = Debug|Any CPU
		Release|Any CPU = Release|Any CPU
	EndGlobalSection
	GlobalSection(ProjectConfigurationPlatforms) = postSolution
		{1E438330-43C4-4B75-B9F6-F362867ECC3C}.Debug|Any CPU.ActiveCfg = Debug|Any CPU
		{1E438330-43C4-4B75-B9F6-F362867ECC3C}.Debug|Any CPU.Build.0 = Debug|Any CPU
		{1E438330-43C4-4B75-B9F6-F362867ECC3C}.Release|Any CPU.ActiveCfg = Release|Any CPU
		{1E438330-43C4-4B75-B9F6-F362867ECC3C}.Release|Any CPU.Build.0 = Release|Any CPU
		{AF8B9D90-58BC-4235-AAC0-E270D9089E25}.Debug|Any CPU.ActiveCfg = Debug|Any CPU
		{AF8B9D90-58BC-4235-AAC0-E270D9089E25}.Debug|Any CPU.Build.0 = Debug|Any CPU
		{AF8B9D90-58BC-4235-AAC0-E270D9089E25}.Release|Any CPU.ActiveCfg = Release|Any CPU
		{AF8B9D90-58BC-4235-AAC0-E270D9089E25}.Release|Any CPU.Build.0 = Release|Any CPU
	EndGlobalSection
	GlobalSection(SolutionProperties) = preSolution
		HideSolutionNode = FALSE
	EndGlobalSection
	GlobalSection(ExtensibilityGlobals) = postSolution
		SolutionGuid = {A116570D-7B51-4A83-85B9-5D47E858A7C9}
	EndGlobalSection
EndGlobal
